
Microsoft Visual Studio Solution File, Format Version 12.00
# Visual Studio 14
VisualStudioVersion = 14.0.25420.1
MinimumVisualStudioVersion = 10.0.40219.1
Project("{FAE04EC0-301F-11D3-BF4B-00C04F79EFBC}") = "SuperGLU", "SuperGLU\SuperGLU.csproj", "{EFA99AC6-2131-4213-A09B-F46A6B99CD55}"
EndProject
Project("{FAE04EC0-301F-11D3-BF4B-00C04F79EFBC}") = "XAPITest", "XAPITest\XAPITest.csproj", "{747E5D65-0B3F-422F-9867-44CCB8677B31}"
EndProject
Project("{FAE04EC0-301F-11D3-BF4B-00C04F79EFBC}") = "SuperGLUTests", "SuperGLUTests\SuperGLUTests.csproj", "{F7B2F020-7F08-425A-8A5B-0115FCB6F669}"
EndProject
Global
	GlobalSection(SolutionConfigurationPlatforms) = preSolution
		Debug|Any CPU = Debug|Any CPU
		Release|Any CPU = Release|Any CPU
	EndGlobalSection
	GlobalSection(ProjectConfigurationPlatforms) = postSolution
		{EFA99AC6-2131-4213-A09B-F46A6B99CD55}.Debug|Any CPU.ActiveCfg = Debug|Any CPU
		{EFA99AC6-2131-4213-A09B-F46A6B99CD55}.Debug|Any CPU.Build.0 = Debug|Any CPU
		{EFA99AC6-2131-4213-A09B-F46A6B99CD55}.Release|Any CPU.ActiveCfg = Release|Any CPU
		{EFA99AC6-2131-4213-A09B-F46A6B99CD55}.Release|Any CPU.Build.0 = Release|Any CPU
		{747E5D65-0B3F-422F-9867-44CCB8677B31}.Debug|Any CPU.ActiveCfg = Debug|Any CPU
		{747E5D65-0B3F-422F-9867-44CCB8677B31}.Debug|Any CPU.Build.0 = Debug|Any CPU
		{747E5D65-0B3F-422F-9867-44CCB8677B31}.Release|Any CPU.ActiveCfg = Release|Any CPU
		{747E5D65-0B3F-422F-9867-44CCB8677B31}.Release|Any CPU.Build.0 = Release|Any CPU
		{F7B2F020-7F08-425A-8A5B-0115FCB6F669}.Debug|Any CPU.ActiveCfg = Debug|Any CPU
		{F7B2F020-7F08-425A-8A5B-0115FCB6F669}.Debug|Any CPU.Build.0 = Debug|Any CPU
		{F7B2F020-7F08-425A-8A5B-0115FCB6F669}.Release|Any CPU.ActiveCfg = Release|Any CPU
		{F7B2F020-7F08-425A-8A5B-0115FCB6F669}.Release|Any CPU.Build.0 = Release|Any CPU
	EndGlobalSection
	GlobalSection(SolutionProperties) = preSolution
		HideSolutionNode = FALSE
	EndGlobalSection
EndGlobal
